
Microsoft Visual Studio Solution File, Format Version 12.00
# Visual Studio Version 17
VisualStudioVersion = 17.11.35327.3
MinimumVisualStudioVersion = 10.0.40219.1
Project("{FAE04EC0-301F-11D3-BF4B-00C04F79EFBC}") = "FitnessTracker", "FitnessTracker.csproj", "{78E767BA-E032-4D42-9ADF-A73A172DC10A}"
EndProject
Global
	GlobalSection(SolutionConfigurationPlatforms) = preSolution
		Debug|Any CPU = Debug|Any CPU
		Release|Any CPU = Release|Any CPU
	EndGlobalSection
	GlobalSection(ProjectConfigurationPlatforms) = postSolution
		{78E767BA-E032-4D42-9ADF-A73A172DC10A}.Debug|Any CPU.ActiveCfg = Debug|Any CPU
		{78E767BA-E032-4D42-9ADF-A73A172DC10A}.Debug|Any CPU.Build.0 = Debug|Any CPU
		{78E767BA-E032-4D42-9ADF-A73A172DC10A}.Release|Any CPU.ActiveCfg = Release|Any CPU
		{78E767BA-E032-4D42-9ADF-A73A172DC10A}.Release|Any CPU.Build.0 = Release|Any CPU
	EndGlobalSection
	GlobalSection(SolutionProperties) = preSolution
		HideSolutionNode = FALSE
	EndGlobalSection
	GlobalSection(ExtensibilityGlobals) = postSolution
		SolutionGuid = {BF87B139-4C3C-411F-B2D7-5CF8033FB2EC}
	EndGlobalSection
EndGlobal
